
Microsoft Visual Studio Solution File, Format Version 12.00
# Visual Studio Version 16
VisualStudioVersion = 16.0.33529.622
MinimumVisualStudioVersion = 10.0.40219.1
Project("{FAE04EC0-301F-11D3-BF4B-00C04F79EFBC}") = "MagicAndMyths", "MagicAndMyths.csproj", "{97E092D1-3339-4497-8D34-395A17FC6410}"
EndProject
Global
	GlobalSection(SolutionConfigurationPlatforms) = preSolution
		Debug|Any CPU = Debug|Any CPU
		Release|Any CPU = Release|Any CPU
	EndGlobalSection
	GlobalSection(ProjectConfigurationPlatforms) = postSolution
		{97E092D1-3339-4497-8D34-395A17FC6410}.Debug|Any CPU.ActiveCfg = Debug|Any CPU
		{97E092D1-3339-4497-8D34-395A17FC6410}.Debug|Any CPU.Build.0 = Debug|Any CPU
		{97E092D1-3339-4497-8D34-395A17FC6410}.Release|Any CPU.ActiveCfg = Release|Any CPU
		{97E092D1-3339-4497-8D34-395A17FC6410}.Release|Any CPU.Build.0 = Release|Any CPU
	EndGlobalSection
	GlobalSection(SolutionProperties) = preSolution
		HideSolutionNode = FALSE
	EndGlobalSection
	GlobalSection(ExtensibilityGlobals) = postSolution
		SolutionGuid = {91CB2276-B5E9-4CB4-B402-2E548DA8B262}
	EndGlobalSection
EndGlobal
